
Microsoft Visual Studio Solution File, Format Version 12.00
# Visual Studio Version 16
VisualStudioVersion = 16.0.31624.102
MinimumVisualStudioVersion = 10.0.40219.1
Project("{9A19103F-16F7-4668-BE54-9A1E7A4F7556}") = "AuthSystem", "AuthSystem\AuthSystem.csproj", "{58E333DB-420B-4FAA-8D40-0FE34DB5CA0A}"
EndProject
Global
	GlobalSection(SolutionConfigurationPlatforms) = preSolution
		Debug|Any CPU = Debug|Any CPU
		Release|Any CPU = Release|Any CPU
	EndGlobalSection
	GlobalSection(ProjectConfigurationPlatforms) = postSolution
		{58E333DB-420B-4FAA-8D40-0FE34DB5CA0A}.Debug|Any CPU.ActiveCfg = Debug|Any CPU
		{58E333DB-420B-4FAA-8D40-0FE34DB5CA0A}.Debug|Any CPU.Build.0 = Debug|Any CPU
		{58E333DB-420B-4FAA-8D40-0FE34DB5CA0A}.Release|Any CPU.ActiveCfg = Release|Any CPU
		{58E333DB-420B-4FAA-8D40-0FE34DB5CA0A}.Release|Any CPU.Build.0 = Release|Any CPU
	EndGlobalSection
	GlobalSection(SolutionProperties) = preSolution
		HideSolutionNode = FALSE
	EndGlobalSection
	GlobalSection(ExtensibilityGlobals) = postSolution
		SolutionGuid = {A0006783-5295-48E9-B379-8D3FBBC2D672}
	EndGlobalSection
EndGlobal
